
Microsoft Visual Studio Solution File, Format Version 12.00
# Visual Studio 15
VisualStudioVersion = 15.0.28307.168
MinimumVisualStudioVersion = 10.0.40219.1
Project("{FAE04EC0-301F-11D3-BF4B-00C04F79EFBC}") = "Post", "Post\Post.csproj", "{4C199B7D-7E89-4250-8495-0CA2B066DBEB}"
EndProject
Project("{FAE04EC0-301F-11D3-BF4B-00C04F79EFBC}") = "DB", "DB\DB.csproj", "{3ADCABEA-8680-4185-8406-ADA6761A3D8A}"
EndProject
Project("{FAE04EC0-301F-11D3-BF4B-00C04F79EFBC}") = "Repositories", "Repositories\Repositories.csproj", "{2AF5BE3D-70BB-48D9-A38A-F008CF636B9E}"
EndProject
Project("{FAE04EC0-301F-11D3-BF4B-00C04F79EFBC}") = "WebApi", "WebApi\WebApi.csproj", "{84FBC300-4B03-4CA7-9BA6-442F507697CB}"
EndProject
Project("{FAE04EC0-301F-11D3-BF4B-00C04F79EFBC}") = "WebApplication1", "WebApplication1\WebApplication1.csproj", "{395D4B58-EF5C-4A52-9CE2-268B2F5F78E3}"
EndProject
Global
	GlobalSection(SolutionConfigurationPlatforms) = preSolution
		Debug|Any CPU = Debug|Any CPU
		Debug|ARM = Debug|ARM
		Debug|ARM64 = Debug|ARM64
		Debug|x64 = Debug|x64
		Debug|x86 = Debug|x86
		Release|Any CPU = Release|Any CPU
		Release|ARM = Release|ARM
		Release|ARM64 = Release|ARM64
		Release|x64 = Release|x64
		Release|x86 = Release|x86
	EndGlobalSection
	GlobalSection(ProjectConfigurationPlatforms) = postSolution
		{4C199B7D-7E89-4250-8495-0CA2B066DBEB}.Debug|Any CPU.ActiveCfg = Debug|Any CPU
		{4C199B7D-7E89-4250-8495-0CA2B066DBEB}.Debug|Any CPU.Build.0 = Debug|Any CPU
		{4C199B7D-7E89-4250-8495-0CA2B066DBEB}.Debug|ARM.ActiveCfg = Debug|Any CPU
		{4C199B7D-7E89-4250-8495-0CA2B066DBEB}.Debug|ARM.Build.0 = Debug|Any CPU
		{4C199B7D-7E89-4250-8495-0CA2B066DBEB}.Debug|ARM64.ActiveCfg = Debug|Any CPU
		{4C199B7D-7E89-4250-8495-0CA2B066DBEB}.Debug|ARM64.Build.0 = Debug|Any CPU
		{4C199B7D-7E89-4250-8495-0CA2B066DBEB}.Debug|x64.ActiveCfg = Debug|Any CPU
		{4C199B7D-7E89-4250-8495-0CA2B066DBEB}.Debug|x64.Build.0 = Debug|Any CPU
		{4C199B7D-7E89-4250-8495-0CA2B066DBEB}.Debug|x86.ActiveCfg = Debug|Any CPU
		{4C199B7D-7E89-4250-8495-0CA2B066DBEB}.Debug|x86.Build.0 = Debug|Any CPU
		{4C199B7D-7E89-4250-8495-0CA2B066DBEB}.Release|Any CPU.ActiveCfg = Release|Any CPU
		{4C199B7D-7E89-4250-8495-0CA2B066DBEB}.Release|Any CPU.Build.0 = Release|Any CPU
		{4C199B7D-7E89-4250-8495-0CA2B066DBEB}.Release|ARM.ActiveCfg = Release|Any CPU
		{4C199B7D-7E89-4250-8495-0CA2B066DBEB}.Release|ARM.Build.0 = Release|Any CPU
		{4C199B7D-7E89-4250-8495-0CA2B066DBEB}.Release|ARM64.ActiveCfg = Release|Any CPU
		{4C199B7D-7E89-4250-8495-0CA2B066DBEB}.Release|ARM64.Build.0 = Release|Any CPU
		{4C199B7D-7E89-4250-8495-0CA2B066DBEB}.Release|x64.ActiveCfg = Release|Any CPU
		{4C199B7D-7E89-4250-8495-0CA2B066DBEB}.Release|x64.Build.0 = Release|Any CPU
		{4C199B7D-7E89-4250-8495-0CA2B066DBEB}.Release|x86.ActiveCfg = Release|Any CPU
		{4C199B7D-7E89-4250-8495-0CA2B066DBEB}.Release|x86.Build.0 = Release|Any CPU
		{3ADCABEA-8680-4185-8406-ADA6761A3D8A}.Debug|Any CPU.ActiveCfg = Debug|Any CPU
		{3ADCABEA-8680-4185-8406-ADA6761A3D8A}.Debug|Any CPU.Build.0 = Debug|Any CPU
		{3ADCABEA-8680-4185-8406-ADA6761A3D8A}.Debug|ARM.ActiveCfg = Debug|Any CPU
		{3ADCABEA-8680-4185-8406-ADA6761A3D8A}.Debug|ARM.Build.0 = Debug|Any CPU
		{3ADCABEA-8680-4185-8406-ADA6761A3D8A}.Debug|ARM64.ActiveCfg = Debug|Any CPU
		{3ADCABEA-8680-4185-8406-ADA6761A3D8A}.Debug|ARM64.Build.0 = Debug|Any CPU
		{3ADCABEA-8680-4185-8406-ADA6761A3D8A}.Debug|x64.ActiveCfg = Debug|Any CPU
		{3ADCABEA-8680-4185-8406-ADA6761A3D8A}.Debug|x64.Build.0 = Debug|Any CPU
		{3ADCABEA-8680-4185-8406-ADA6761A3D8A}.Debug|x86.ActiveCfg = Debug|Any CPU
		{3ADCABEA-8680-4185-8406-ADA6761A3D8A}.Debug|x86.Build.0 = Debug|Any CPU
		{3ADCABEA-8680-4185-8406-ADA6761A3D8A}.Release|Any CPU.ActiveCfg = Release|Any CPU
		{3ADCABEA-8680-4185-8406-ADA6761A3D8A}.Release|Any CPU.Build.0 = Release|Any CPU
		{3ADCABEA-8680-4185-8406-ADA6761A3D8A}.Release|ARM.ActiveCfg = Release|Any CPU
		{3ADCABEA-8680-4185-8406-ADA6761A3D8A}.Release|ARM.Build.0 = Release|Any CPU
		{3ADCABEA-8680-4185-8406-ADA6761A3D8A}.Release|ARM64.ActiveCfg = Release|Any CPU
		{3ADCABEA-8680-4185-8406-ADA6761A3D8A}.Release|ARM64.Build.0 = Release|Any CPU
		{3ADCABEA-8680-4185-8406-ADA6761A3D8A}.Release|x64.ActiveCfg = Release|Any CPU
		{3ADCABEA-8680-4185-8406-ADA6761A3D8A}.Release|x64.Build.0 = Release|Any CPU
		{3ADCABEA-8680-4185-8406-ADA6761A3D8A}.Release|x86.ActiveCfg = Release|Any CPU
		{3ADCABEA-8680-4185-8406-ADA6761A3D8A}.Release|x86.Build.0 = Release|Any CPU
		{2AF5BE3D-70BB-48D9-A38A-F008CF636B9E}.Debug|Any CPU.ActiveCfg = Debug|Any CPU
		{2AF5BE3D-70BB-48D9-A38A-F008CF636B9E}.Debug|Any CPU.Build.0 = Debug|Any CPU
		{2AF5BE3D-70BB-48D9-A38A-F008CF636B9E}.Debug|ARM.ActiveCfg = Debug|Any CPU
		{2AF5BE3D-70BB-48D9-A38A-F008CF636B9E}.Debug|ARM.Build.0 = Debug|Any CPU
		{2AF5BE3D-70BB-48D9-A38A-F008CF636B9E}.Debug|ARM64.ActiveCfg = Debug|Any CPU
		{2AF5BE3D-70BB-48D9-A38A-F008CF636B9E}.Debug|ARM64.Build.0 = Debug|Any CPU
		{2AF5BE3D-70BB-48D9-A38A-F008CF636B9E}.Debug|x64.ActiveCfg = Debug|Any CPU
		{2AF5BE3D-70BB-48D9-A38A-F008CF636B9E}.Debug|x64.Build.0 = Debug|Any CPU
		{2AF5BE3D-70BB-48D9-A38A-F008CF636B9E}.Debug|x86.ActiveCfg = Debug|Any CPU
		{2AF5BE3D-70BB-48D9-A38A-F008CF636B9E}.Debug|x86.Build.0 = Debug|Any CPU
		{2AF5BE3D-70BB-48D9-A38A-F008CF636B9E}.Release|Any CPU.ActiveCfg = Release|Any CPU
		{2AF5BE3D-70BB-48D9-A38A-F008CF636B9E}.Release|Any CPU.Build.0 = Release|Any CPU
		{2AF5BE3D-70BB-48D9-A38A-F008CF636B9E}.Release|ARM.ActiveCfg = Release|Any CPU
		{2AF5BE3D-70BB-48D9-A38A-F008CF636B9E}.Release|ARM.Build.0 = Release|Any CPU
		{2AF5BE3D-70BB-48D9-A38A-F008CF636B9E}.Release|ARM64.ActiveCfg = Release|Any CPU
		{2AF5BE3D-70BB-48D9-A38A-F008CF636B9E}.Release|ARM64.Build.0 = Release|Any CPU
		{2AF5BE3D-70BB-48D9-A38A-F008CF636B9E}.Release|x64.ActiveCfg = Release|Any CPU
		{2AF5BE3D-70BB-48D9-A38A-F008CF636B9E}.Release|x64.Build.0 = Release|Any CPU
		{2AF5BE3D-70BB-48D9-A38A-F008CF636B9E}.Release|x86.ActiveCfg = Release|Any CPU
		{2AF5BE3D-70BB-48D9-A38A-F008CF636B9E}.Release|x86.Build.0 = Release|Any CPU
		{84FBC300-4B03-4CA7-9BA6-442F507697CB}.Debug|Any CPU.ActiveCfg = Debug|Any CPU
		{84FBC300-4B03-4CA7-9BA6-442F507697CB}.Debug|Any CPU.Build.0 = Debug|Any CPU
		{84FBC300-4B03-4CA7-9BA6-442F507697CB}.Debug|ARM.ActiveCfg = Debug|Any CPU
		{84FBC300-4B03-4CA7-9BA6-442F507697CB}.Debug|ARM.Build.0 = Debug|Any CPU
		{84FBC300-4B03-4CA7-9BA6-442F507697CB}.Debug|ARM64.ActiveCfg = Debug|Any CPU
		{84FBC300-4B03-4CA7-9BA6-442F507697CB}.Debug|ARM64.Build.0 = Debug|Any CPU
		{84FBC300-4B03-4CA7-9BA6-442F507697CB}.Debug|x64.ActiveCfg = Debug|Any CPU
		{84FBC300-4B03-4CA7-9BA6-442F507697CB}.Debug|x64.Build.0 = Debug|Any CPU
		{84FBC300-4B03-4CA7-9BA6-442F507697CB}.Debug|x86.ActiveCfg = Debug|Any CPU
		{84FBC300-4B03-4CA7-9BA6-442F507697CB}.Debug|x86.Build.0 = Debug|Any CPU
		{84FBC300-4B03-4CA7-9BA6-442F507697CB}.Release|Any CPU.ActiveCfg = Release|Any CPU
		{84FBC300-4B03-4CA7-9BA6-442F507697CB}.Release|Any CPU.Build.0 = Release|Any CPU
		{84FBC300-4B03-4CA7-9BA6-442F507697CB}.Release|ARM.ActiveCfg = Release|Any CPU
		{84FBC300-4B03-4CA7-9BA6-442F507697CB}.Release|ARM.Build.0 = Release|Any CPU
		{84FBC300-4B03-4CA7-9BA6-442F507697CB}.Release|ARM64.ActiveCfg = Release|Any CPU
		{84FBC300-4B03-4CA7-9BA6-442F507697CB}.Release|ARM64.Build.0 = Release|Any CPU
		{84FBC300-4B03-4CA7-9BA6-442F507697CB}.Release|x64.ActiveCfg = Release|Any CPU
		{84FBC300-4B03-4CA7-9BA6-442F507697CB}.Release|x64.Build.0 = Release|Any CPU
		{84FBC300-4B03-4CA7-9BA6-442F507697CB}.Release|x86.ActiveCfg = Release|Any CPU
		{84FBC300-4B03-4CA7-9BA6-442F507697CB}.Release|x86.Build.0 = Release|Any CPU
		{395D4B58-EF5C-4A52-9CE2-268B2F5F78E3}.Debug|Any CPU.ActiveCfg = Debug|Any CPU
		{395D4B58-EF5C-4A52-9CE2-268B2F5F78E3}.Debug|Any CPU.Build.0 = Debug|Any CPU
		{395D4B58-EF5C-4A52-9CE2-268B2F5F78E3}.Debug|ARM.ActiveCfg = Debug|Any CPU
		{395D4B58-EF5C-4A52-9CE2-268B2F5F78E3}.Debug|ARM.Build.0 = Debug|Any CPU
		{395D4B58-EF5C-4A52-9CE2-268B2F5F78E3}.Debug|ARM64.ActiveCfg = Debug|Any CPU
		{395D4B58-EF5C-4A52-9CE2-268B2F5F78E3}.Debug|ARM64.Build.0 = Debug|Any CPU
		{395D4B58-EF5C-4A52-9CE2-268B2F5F78E3}.Debug|x64.ActiveCfg = Debug|Any CPU
		{395D4B58-EF5C-4A52-9CE2-268B2F5F78E3}.Debug|x64.Build.0 = Debug|Any CPU
		{395D4B58-EF5C-4A52-9CE2-268B2F5F78E3}.Debug|x86.ActiveCfg = Debug|Any CPU
		{395D4B58-EF5C-4A52-9CE2-268B2F5F78E3}.Debug|x86.Build.0 = Debug|Any CPU
		{395D4B58-EF5C-4A52-9CE2-268B2F5F78E3}.Release|Any CPU.ActiveCfg = Release|Any CPU
		{395D4B58-EF5C-4A52-9CE2-268B2F5F78E3}.Release|Any CPU.Build.0 = Release|Any CPU
		{395D4B58-EF5C-4A52-9CE2-268B2F5F78E3}.Release|ARM.ActiveCfg = Release|Any CPU
		{395D4B58-EF5C-4A52-9CE2-268B2F5F78E3}.Release|ARM.Build.0 = Release|Any CPU
		{395D4B58-EF5C-4A52-9CE2-268B2F5F78E3}.Release|ARM64.ActiveCfg = Release|Any CPU
		{395D4B58-EF5C-4A52-9CE2-268B2F5F78E3}.Release|ARM64.Build.0 = Release|Any CPU
		{395D4B58-EF5C-4A52-9CE2-268B2F5F78E3}.Release|x64.ActiveCfg = Release|Any CPU
		{395D4B58-EF5C-4A52-9CE2-268B2F5F78E3}.Release|x64.Build.0 = Release|Any CPU
		{395D4B58-EF5C-4A52-9CE2-268B2F5F78E3}.Release|x86.ActiveCfg = Release|Any CPU
		{395D4B58-EF5C-4A52-9CE2-268B2F5F78E3}.Release|x86.Build.0 = Release|Any CPU
	EndGlobalSection
	GlobalSection(SolutionProperties) = preSolution
		HideSolutionNode = FALSE
	EndGlobalSection
	GlobalSection(ExtensibilityGlobals) = postSolution
		SolutionGuid = {DC532093-381C-4247-9A34-3303680EC389}
	EndGlobalSection
EndGlobal
